
Microsoft Visual Studio Solution File, Format Version 11.00
# Visual Studio 2010
Project("{FAE04EC0-301F-11D3-BF4B-00C04F79EFBC}") = "MinMax", "MinMax\MinMax.csproj", "{691D9C43-D2B8-45A1-9EA6-8867A668516E}"
EndProject
Project("{FAE04EC0-301F-11D3-BF4B-00C04F79EFBC}") = "ITask", "ITask\ITask.csproj", "{62198D38-44CC-4117-B1DF-6D68EE362B40}"
EndProject
Project("{FAE04EC0-301F-11D3-BF4B-00C04F79EFBC}") = "TaskServer", "TaskServer\TaskServer.csproj", "{702F6347-1FC3-432C-98B4-21B6CB8F8D29}"
EndProject
Global
	GlobalSection(SolutionConfigurationPlatforms) = preSolution
		Debug|Any CPU = Debug|Any CPU
		Release|Any CPU = Release|Any CPU
	EndGlobalSection
	GlobalSection(ProjectConfigurationPlatforms) = postSolution
		{691D9C43-D2B8-45A1-9EA6-8867A668516E}.Debug|Any CPU.ActiveCfg = Debug|Any CPU
		{691D9C43-D2B8-45A1-9EA6-8867A668516E}.Debug|Any CPU.Build.0 = Debug|Any CPU
		{691D9C43-D2B8-45A1-9EA6-8867A668516E}.Release|Any CPU.ActiveCfg = Release|Any CPU
		{691D9C43-D2B8-45A1-9EA6-8867A668516E}.Release|Any CPU.Build.0 = Release|Any CPU
		{62198D38-44CC-4117-B1DF-6D68EE362B40}.Debug|Any CPU.ActiveCfg = Debug|Any CPU
		{62198D38-44CC-4117-B1DF-6D68EE362B40}.Debug|Any CPU.Build.0 = Debug|Any CPU
		{62198D38-44CC-4117-B1DF-6D68EE362B40}.Release|Any CPU.ActiveCfg = Release|Any CPU
		{62198D38-44CC-4117-B1DF-6D68EE362B40}.Release|Any CPU.Build.0 = Release|Any CPU
		{702F6347-1FC3-432C-98B4-21B6CB8F8D29}.Debug|Any CPU.ActiveCfg = Debug|Any CPU
		{702F6347-1FC3-432C-98B4-21B6CB8F8D29}.Debug|Any CPU.Build.0 = Debug|Any CPU
		{702F6347-1FC3-432C-98B4-21B6CB8F8D29}.Release|Any CPU.ActiveCfg = Release|Any CPU
		{702F6347-1FC3-432C-98B4-21B6CB8F8D29}.Release|Any CPU.Build.0 = Release|Any CPU
	EndGlobalSection
	GlobalSection(SolutionProperties) = preSolution
		HideSolutionNode = FALSE
	EndGlobalSection
EndGlobal
